{
    "_readme": [
        "This file locks the dependencies of your project to a known state",
        "Read more about it at https://getcomposer.org/doc/01-basic-usage.md#installing-dependencies",
        "This file is @generated automatically"
    ],
    "content-hash": "9fefb88973e8b34f6521962d15631041",
    "packages": [
        {
            "name": "acme/sibling",
            "version": "2.3.0",
            "dist": {
                "type": "zip",
                "url": "https://example.com/dist/acme/sibling-2.3.0.zip"
            },
            "type": "library"
        }
    ],
    "packages-dev": [
        {
            "name": "acme/devtool",
            "version": "1.0.0",
            "dist": {
                "type": "zip",
                "url": "https://example.com/dist/acme/devtool-1.0.0.zip"
            },
            "type": "library"
        }
    ],
    "aliases": [],
    "minimum-stability": "stable",
    "stability-flags": {},
    "prefer-stable": false,
    "prefer-lowest": false,
    "platform": {},
    "platform-dev": {},
    "plugin-api-version": "2.9.0"
}
