{
    "_readme": [
        "This file locks the dependencies of your project to a known state",
        "Read more about it at https://getcomposer.org/doc/01-basic-usage.md#installing-dependencies",
        "This file is @generated automatically"
    ],
    "content-hash": "c369a8a12f422d3f63c647b500455429",
    "packages": [
        {
            "name": "acme/pest-plugin-a",
            "version": "1.0.0",
            "dist": {
                "type": "path",
                "url": "packages/plugin-a",
                "reference": "1f440cf9c2289c6148be3f78c3a6874fb790288a"
            },
            "type": "library",
            "extra": {
                "pest": {
                    "plugins": [
                        "Acme\\PestPluginA\\Plugin",
                        "Acme/Slash/Test"
                    ]
                }
            },
            "autoload": {
                "psr-4": {
                    "Acme\\PestPluginA\\": "src/"
                }
            },
            "transport-options": {
                "relative": true
            }
        },
        {
            "name": "acme/pest-plugin-b",
            "version": "1.0.0",
            "dist": {
                "type": "path",
                "url": "packages/plugin-b",
                "reference": "f643cafc75be290ce7fb3012f9ff67f5139eba11"
            },
            "type": "library",
            "extra": {
                "pest": {
                    "plugins": [
                        "Acme\\PestPluginB\\Plugin",
                        "Acme\\PestPluginB\\OtherPlugin"
                    ]
                }
            },
            "autoload": {
                "psr-4": {
                    "Acme\\PestPluginB\\": "src/"
                }
            },
            "transport-options": {
                "relative": true
            }
        },
        {
            "name": "pestphp/pest-plugin",
            "version": "v5.0.0",
            "source": {
                "type": "git",
                "url": "https://github.com/pestphp/pest-plugin.git",
                "reference": "87283f41aafa2561b7618be53eab00f2d06f4140"
            },
            "dist": {
                "type": "zip",
                "url": "https://api.github.com/repos/pestphp/pest-plugin/zipball/87283f41aafa2561b7618be53eab00f2d06f4140",
                "reference": "87283f41aafa2561b7618be53eab00f2d06f4140",
                "shasum": ""
            },
            "require": {
                "composer-plugin-api": "^2.0.0",
                "composer-runtime-api": "^2.2.2",
                "php": "^8.4"
            },
            "conflict": {
                "pestphp/pest": "<5.0.0"
            },
            "require-dev": {
                "composer/composer": "^2.10.2",
                "pestphp/pest": "^5.0.0",
                "pestphp/pest-dev-tools": "^5.0.0"
            },
            "type": "composer-plugin",
            "extra": {
                "class": "Pest\\Plugin\\Manager"
            },
            "autoload": {
                "psr-4": {
                    "Pest\\Plugin\\": "src/"
                }
            },
            "notification-url": "https://packagist.org/downloads/",
            "license": [
                "MIT"
            ],
            "description": "The Pest plugin manager",
            "keywords": [
                "framework",
                "manager",
                "pest",
                "php",
                "plugin",
                "test",
                "testing",
                "unit"
            ],
            "support": {
                "source": "https://github.com/pestphp/pest-plugin/tree/v5.0.0"
            },
            "funding": [
                {
                    "url": "https://www.paypal.com/cgi-bin/webscr?cmd=_s-xclick&hosted_button_id=66BYDWAT92N6L",
                    "type": "custom"
                },
                {
                    "url": "https://github.com/nunomaduro",
                    "type": "github"
                },
                {
                    "url": "https://www.patreon.com/nunomaduro",
                    "type": "patreon"
                }
            ],
            "time": "2026-07-18T17:10:45+00:00"
        }
    ],
    "packages-dev": [],
    "aliases": [],
    "minimum-stability": "stable",
    "stability-flags": {},
    "prefer-stable": false,
    "prefer-lowest": false,
    "platform": {},
    "platform-dev": {},
    "plugin-api-version": "2.9.0"
}
