{
    "_readme": [
        "This file locks the dependencies of your project to a known state",
        "Read more about it at https://getcomposer.org/doc/01-basic-usage.md#installing-dependencies",
        "This file is @generated automatically"
    ],
    "content-hash": "cf49df79eec1d7e766e524d74f4bbed6",
    "packages": [
        {
            "name": "acme/sibling",
            "version": "1.0.0",
            "dist": {
                "type": "zip",
                "url": "https://example.com/dist/acme/sibling-1.0.0.zip"
            },
            "type": "library"
        }
    ],
    "packages-dev": [],
    "aliases": [],
    "minimum-stability": "stable",
    "stability-flags": {},
    "prefer-stable": false,
    "prefer-lowest": false,
    "platform": {},
    "platform-dev": {},
    "plugin-api-version": "2.9.0"
}
