{
    "_readme": [
        "This file locks the dependencies of your project to a known state",
        "Read more about it at https://getcomposer.org/doc/01-basic-usage.md#installing-dependencies",
        "This file is @generated automatically"
    ],
    "content-hash": "7c9122c5d91d1b4fe6bac67f368fcd75",
    "packages": [
        {
            "name": "codeception/c3",
            "version": "2.9.0",
            "dist": {
                "type": "path",
                "url": "packages/c3",
                "reference": "9ba4345f37f3d92df572d5254d2cdbfea365218a"
            },
            "require": {
                "composer-plugin-api": "^1.0 || ^2.0",
                "php": ">=5.5.0"
            },
            "require-dev": {
                "composer/composer": "^1.0 || ^2.0"
            },
            "type": "composer-plugin",
            "extra": {
                "class": "Codeception\\c3\\Installer"
            },
            "autoload": {
                "psr-4": {
                    "Codeception\\c3\\": "."
                }
            },
            "license": [
                "MIT"
            ],
            "authors": [
                {
                    "name": "Tiger Seo",
                    "email": "tiger.seo@gmail.com"
                },
                {
                    "name": "Michael Bodnarchuk",
                    "email": "davert.php@codegyre.com",
                    "homepage": "http://codegyre.com"
                }
            ],
            "description": "CodeCoverage collector for Codeception",
            "homepage": "http://codeception.com/",
            "keywords": [
                "CodeCoverage",
                "code coverage"
            ],
            "transport-options": {
                "relative": true
            }
        }
    ],
    "packages-dev": [],
    "aliases": [],
    "minimum-stability": "stable",
    "stability-flags": {},
    "prefer-stable": false,
    "prefer-lowest": false,
    "platform": {},
    "platform-dev": {},
    "plugin-api-version": "2.9.0"
}
