{
    "_readme": [
        "This file locks the dependencies of your project to a known state",
        "Read more about it at https://getcomposer.org/doc/01-basic-usage.md#installing-dependencies",
        "This file is @generated automatically"
    ],
    "content-hash": "cc36923796431a2320cdd1bb220b3b68",
    "packages": [
        {
            "name": "acme/drupal-scaffold-base",
            "version": "1.0.0",
            "dist": {
                "type": "path",
                "url": "packages/base",
                "reference": "35b13681d85878c2db9e06a459db9aa43d60e929"
            },
            "type": "drupal-module",
            "extra": {
                "drupal-scaffold": {
                    "file-mapping": {
                        "[web-root]/robots.txt": "assets/robots.txt",
                        "[web-root]/index.php": "assets/index.php",
                        "[web-root]/settings-extra.php": "assets/settings-extra.php",
                        "[web-root]/router.php": "assets/router.php",
                        "[web-root]/.htaccess": "assets/htaccess",
                        "[web-root]/sites/default/default.settings.php": "assets/default.settings.php",
                        "[project-root]/.editorconfig": {
                            "path": "assets/editorconfig",
                            "overwrite": false
                        }
                    }
                }
            },
            "transport-options": {
                "relative": true
            }
        },
        {
            "name": "acme/drupal-scaffold-override",
            "version": "1.0.0",
            "dist": {
                "type": "path",
                "url": "packages/override",
                "reference": "1fb4deca5d07f5f173b7a8aaeee67ce42bd6a206"
            },
            "type": "drupal-module",
            "extra": {
                "drupal-scaffold": {
                    "file-mapping": {
                        "[web-root]/index.php": "assets/index-override.php",
                        "[web-root]/settings-extra.php": {
                            "append": "assets/settings-append.php"
                        },
                        "[web-root]/router.php": {
                            "prepend": "assets/router-prepend.php"
                        },
                        "[web-root]/.htaccess": false
                    }
                }
            },
            "transport-options": {
                "relative": true
            }
        },
        {
            "name": "drupal/core-composer-scaffold",
            "version": "11.4.6",
            "source": {
                "type": "git",
                "url": "https://github.com/drupal/core-composer-scaffold.git",
                "reference": "678f9ecb912958ebb046d6f9122b84a0cc6401ff"
            },
            "dist": {
                "type": "zip",
                "url": "https://api.github.com/repos/drupal/core-composer-scaffold/zipball/678f9ecb912958ebb046d6f9122b84a0cc6401ff",
                "reference": "678f9ecb912958ebb046d6f9122b84a0cc6401ff",
                "shasum": ""
            },
            "require": {
                "composer-plugin-api": "^2",
                "php": ">=7.3.0"
            },
            "conflict": {
                "drupal-composer/drupal-scaffold": "*"
            },
            "require-dev": {
                "composer/composer": "^1.8@stable"
            },
            "type": "composer-plugin",
            "extra": {
                "class": "Drupal\\Composer\\Plugin\\Scaffold\\Plugin",
                "branch-alias": {
                    "dev-main": "11.x-dev"
                }
            },
            "autoload": {
                "psr-4": {
                    "Drupal\\Composer\\Plugin\\Scaffold\\": ""
                }
            },
            "notification-url": "https://packagist.org/downloads/",
            "license": [
                "GPL-2.0-or-later"
            ],
            "description": "A flexible Composer project scaffold builder.",
            "homepage": "https://www.drupal.org/project/drupal",
            "keywords": [
                "drupal"
            ],
            "support": {
                "source": "https://github.com/drupal/core-composer-scaffold/tree/11.4.6"
            },
            "time": "2026-07-09T23:23:24+00:00"
        },
        {
            "name": "symfony/runtime",
            "version": "v7.4.14",
            "source": {
                "type": "git",
                "url": "https://github.com/symfony/runtime.git",
                "reference": "15497f743dd714f3167cb6a56509b9d42e6417b3"
            },
            "dist": {
                "type": "zip",
                "url": "https://api.github.com/repos/symfony/runtime/zipball/15497f743dd714f3167cb6a56509b9d42e6417b3",
                "reference": "15497f743dd714f3167cb6a56509b9d42e6417b3",
                "shasum": ""
            },
            "require": {
                "composer-plugin-api": "^1.0|^2.0",
                "php": ">=8.2"
            },
            "conflict": {
                "symfony/dotenv": "<6.4",
                "symfony/http-foundation": "<6.4"
            },
            "require-dev": {
                "composer/composer": "^2.6",
                "symfony/console": "^6.4|^7.0|^8.0",
                "symfony/dependency-injection": "^6.4|^7.0|^8.0",
                "symfony/dotenv": "^6.4|^7.0|^8.0",
                "symfony/http-foundation": "^6.4|^7.0|^8.0",
                "symfony/http-kernel": "^6.4|^7.0|^8.0"
            },
            "type": "composer-plugin",
            "extra": {
                "class": "Symfony\\Component\\Runtime\\Internal\\ComposerPlugin"
            },
            "autoload": {
                "psr-4": {
                    "Symfony\\Component\\Runtime\\": "",
                    "Symfony\\Runtime\\Symfony\\Component\\": "Internal/"
                },
                "exclude-from-classmap": [
                    "/Tests/"
                ]
            },
            "notification-url": "https://packagist.org/downloads/",
            "license": [
                "MIT"
            ],
            "authors": [
                {
                    "name": "Nicolas Grekas",
                    "email": "p@tchwork.com"
                },
                {
                    "name": "Symfony Community",
                    "homepage": "https://symfony.com/contributors"
                }
            ],
            "description": "Enables decoupling PHP applications from global state",
            "homepage": "https://symfony.com",
            "keywords": [
                "runtime"
            ],
            "support": {
                "source": "https://github.com/symfony/runtime/tree/v7.4.14"
            },
            "funding": [
                {
                    "url": "https://symfony.com/sponsor",
                    "type": "custom"
                },
                {
                    "url": "https://github.com/fabpot",
                    "type": "github"
                },
                {
                    "url": "https://github.com/nicolas-grekas",
                    "type": "github"
                },
                {
                    "url": "https://tidelift.com/funding/github/packagist/symfony/symfony",
                    "type": "tidelift"
                }
            ],
            "time": "2026-06-05T06:22:21+00:00"
        }
    ],
    "packages-dev": [],
    "aliases": [],
    "minimum-stability": "stable",
    "stability-flags": {},
    "prefer-stable": false,
    "prefer-lowest": false,
    "platform": {},
    "platform-dev": {},
    "plugin-api-version": "2.9.0"
}
