{
    "_readme": [
        "This file locks the dependencies of your project to a known state",
        "Read more about it at https://getcomposer.org/doc/01-basic-usage.md#installing-dependencies",
        "This file is @generated automatically"
    ],
    "content-hash": "e1215631cb6bcf230f5cac7ae75d1e14",
    "packages": [
        {
            "name": "acme/platform-dep",
            "version": "1.0.0",
            "require": {
                "ext-viv-nonexistent": "*"
            },
            "type": "library"
        }
    ],
    "packages-dev": [],
    "aliases": [],
    "minimum-stability": "stable",
    "stability-flags": {},
    "prefer-stable": false,
    "prefer-lowest": false,
    "platform": {},
    "platform-dev": {},
    "plugin-api-version": "2.9.0"
}
