{
    "_readme": [
        "This file locks the dependencies of your project to a known state",
        "Read more about it at https://getcomposer.org/doc/01-basic-usage.md#installing-dependencies",
        "This file is @generated automatically"
    ],
    "content-hash": "10a03ca7e5d84ec32e6de2988995fc6f",
    "packages": [
        {
            "name": "acme/altis-module",
            "version": "1.0.0",
            "dist": {
                "type": "path",
                "url": "packages/module",
                "reference": "7769d203e619d0e71d921b0744da554d57a8c89a"
            },
            "type": "library",
            "extra": {
                "altis": {
                    "install-overrides": [
                        "acme/bundled-plugin"
                    ]
                }
            },
            "license": [
                "GPL-2.0"
            ],
            "transport-options": {
                "relative": true
            }
        },
        {
            "name": "acme/bundled-plugin",
            "version": "1.0.0",
            "dist": {
                "type": "path",
                "url": "packages/bundled-plugin",
                "reference": "29c47886617ccd70591db4642c4c161f42cf8018"
            },
            "type": "wordpress-plugin",
            "license": [
                "GPL-2.0"
            ],
            "transport-options": {
                "symlink": false,
                "relative": true
            }
        },
        {
            "name": "acme/normal-plugin",
            "version": "1.0.0",
            "dist": {
                "type": "path",
                "url": "packages/normal-plugin",
                "reference": "7f86578d712dd5f964b4582f1a4891025ba6a3c8"
            },
            "type": "wordpress-plugin",
            "license": [
                "GPL-2.0"
            ],
            "transport-options": {
                "symlink": false,
                "relative": true
            }
        },
        {
            "name": "altis/cms",
            "version": "1.0.0",
            "dist": {
                "type": "path",
                "url": "packages/cms",
                "reference": "e6679722b8608b3469e13adeeda52d8ae0c7909a"
            },
            "type": "library",
            "license": [
                "GPL-2.0"
            ],
            "transport-options": {
                "relative": true
            }
        },
        {
            "name": "altis/cms-installer",
            "version": "0.4.4",
            "dist": {
                "type": "path",
                "url": "packages/cms-installer",
                "reference": "337787b7dfcb711a420bc9b200e06194b7ac1ffd"
            },
            "require": {
                "composer-plugin-api": "^2.0"
            },
            "type": "composer-plugin",
            "extra": {
                "class": "Altis\\CMS\\Composer\\Plugin"
            },
            "autoload": {
                "classmap": [
                    "inc/"
                ]
            },
            "license": [
                "GPL-2.0"
            ],
            "transport-options": {
                "relative": true
            }
        },
        {
            "name": "altis/core",
            "version": "25.0.8",
            "dist": {
                "type": "path",
                "url": "packages/core",
                "reference": "cfc51c7a31e0e24608779387eb0c9bb698790f3d"
            },
            "require": {
                "composer-plugin-api": "^2.0",
                "composer/installers": "^2.0"
            },
            "type": "composer-plugin",
            "extra": {
                "class": "Altis\\Composer\\Plugin"
            },
            "autoload": {
                "classmap": [
                    "inc/"
                ]
            },
            "license": [
                "GPL-2.0"
            ],
            "transport-options": {
                "relative": true
            }
        },
        {
            "name": "altis/dev-tools",
            "version": "1.0.0",
            "dist": {
                "type": "path",
                "url": "packages/dev-tools",
                "reference": "c0b2d8216e6e8c8650b75c4208fd79d62dd88884"
            },
            "type": "library",
            "license": [
                "GPL-2.0"
            ],
            "transport-options": {
                "relative": true
            }
        },
        {
            "name": "altis/dev-tools-command",
            "version": "0.8.2",
            "dist": {
                "type": "path",
                "url": "packages/dev-tools-command",
                "reference": "66744b4af401e195dfea13c86c91e1cac8a62263"
            },
            "require": {
                "composer-plugin-api": "^2.0"
            },
            "type": "composer-plugin",
            "extra": {
                "class": "Altis\\Dev_Tools\\Command\\Plugin"
            },
            "autoload": {
                "classmap": [
                    "inc/"
                ]
            },
            "license": [
                "GPL-2.0"
            ],
            "transport-options": {
                "relative": true
            }
        },
        {
            "name": "composer/installers",
            "version": "v2.3.0",
            "source": {
                "type": "git",
                "url": "https://github.com/composer/installers.git",
                "reference": "12fb2dfe5e16183de69e784a7b84046c43d97e8e"
            },
            "dist": {
                "type": "zip",
                "url": "https://api.github.com/repos/composer/installers/zipball/12fb2dfe5e16183de69e784a7b84046c43d97e8e",
                "reference": "12fb2dfe5e16183de69e784a7b84046c43d97e8e",
                "shasum": ""
            },
            "require": {
                "composer-plugin-api": "^1.0 || ^2.0",
                "php": "^7.2 || ^8.0"
            },
            "require-dev": {
                "composer/composer": "^1.10.27 || ^2.7",
                "composer/semver": "^1.7.2 || ^3.4.0",
                "phpstan/phpstan": "^1.11",
                "phpstan/phpstan-phpunit": "^1",
                "symfony/phpunit-bridge": "^7.1.1",
                "symfony/process": "^5 || ^6 || ^7"
            },
            "type": "composer-plugin",
            "extra": {
                "class": "Composer\\Installers\\Plugin",
                "branch-alias": {
                    "dev-main": "2.x-dev"
                },
                "plugin-modifies-install-path": true
            },
            "autoload": {
                "psr-4": {
                    "Composer\\Installers\\": "src/Composer/Installers"
                }
            },
            "notification-url": "https://packagist.org/downloads/",
            "license": [
                "MIT"
            ],
            "authors": [
                {
                    "name": "Kyle Robinson Young",
                    "email": "kyle@dontkry.com",
                    "homepage": "https://github.com/shama"
                }
            ],
            "description": "A multi-framework Composer library installer",
            "homepage": "https://composer.github.io/installers/",
            "keywords": [
                "Dolibarr",
                "Eliasis",
                "Hurad",
                "ImageCMS",
                "Kanboard",
                "Lan Management System",
                "MODX Evo",
                "MantisBT",
                "Mautic",
                "Maya",
                "OXID",
                "Plentymarkets",
                "Porto",
                "RadPHP",
                "SMF",
                "Starbug",
                "Thelia",
                "Whmcs",
                "WolfCMS",
                "agl",
                "annotatecms",
                "attogram",
                "bitrix",
                "cakephp",
                "chef",
                "cockpit",
                "codeigniter",
                "concrete5",
                "concreteCMS",
                "croogo",
                "dokuwiki",
                "drupal",
                "eZ Platform",
                "elgg",
                "expressionengine",
                "fuelphp",
                "grav",
                "installer",
                "itop",
                "known",
                "kohana",
                "laravel",
                "lavalite",
                "lithium",
                "magento",
                "majima",
                "mako",
                "matomo",
                "mediawiki",
                "miaoxing",
                "modulework",
                "modx",
                "moodle",
                "osclass",
                "pantheon",
                "phpbb",
                "piwik",
                "ppi",
                "processwire",
                "puppet",
                "pxcms",
                "reindex",
                "roundcube",
                "shopware",
                "silverstripe",
                "sydes",
                "sylius",
                "tastyigniter",
                "wordpress",
                "yawik",
                "zend",
                "zikula"
            ],
            "support": {
                "issues": "https://github.com/composer/installers/issues",
                "source": "https://github.com/composer/installers/tree/v2.3.0"
            },
            "funding": [
                {
                    "url": "https://packagist.com",
                    "type": "custom"
                },
                {
                    "url": "https://github.com/composer",
                    "type": "github"
                },
                {
                    "url": "https://tidelift.com/funding/github/packagist/composer/composer",
                    "type": "tidelift"
                }
            ],
            "time": "2024-06-24T20:46:46+00:00"
        }
    ],
    "packages-dev": [],
    "aliases": [],
    "minimum-stability": "stable",
    "stability-flags": {},
    "prefer-stable": false,
    "prefer-lowest": false,
    "platform": {},
    "platform-dev": {},
    "plugin-api-version": "2.9.0"
}
