{
    "_readme": [
        "This file locks the dependencies of your project to a known state",
        "Read more about it at https://getcomposer.org/doc/01-basic-usage.md#installing-dependencies",
        "This file is @generated automatically"
    ],
    "content-hash": "912a2b2d9b0d5900d7159efb952ed0b4",
    "packages": [
        {
            "name": "acme/sibling",
            "version": "dev-main",
            "dist": {
                "type": "zip",
                "url": "https://example.com/dist/acme/sibling-dev-main.zip"
            },
            "type": "library"
        }
    ],
    "packages-dev": [],
    "aliases": [],
    "minimum-stability": "stable",
    "stability-flags": {
        "acme/sibling": 20
    },
    "prefer-stable": false,
    "prefer-lowest": false,
    "platform": {},
    "platform-dev": {},
    "plugin-api-version": "2.9.0"
}
